
Microsoft Visual Studio Solution File, Format Version 12.00
# Visual Studio Version 17
VisualStudioVersion = 17.2.32516.85
MinimumVisualStudioVersion = 10.0.40219.1
Project("{FAE04EC0-301F-11D3-BF4B-00C04F79EFBC}") = "Practica07_PatricioV_ElvisT", "Practica07_PatricioV_ElvisT\Practica07_PatricioV_ElvisT.csproj", "{C217E0E2-423B-4B18-B357-805C9C3C793B}"
EndProject
Global
	GlobalSection(SolutionConfigurationPlatforms) = preSolution
		Debug|Any CPU = Debug|Any CPU
		Release|Any CPU = Release|Any CPU
	EndGlobalSection
	GlobalSection(ProjectConfigurationPlatforms) = postSolution
		{C217E0E2-423B-4B18-B357-805C9C3C793B}.Debug|Any CPU.ActiveCfg = Debug|Any CPU
		{C217E0E2-423B-4B18-B357-805C9C3C793B}.Debug|Any CPU.Build.0 = Debug|Any CPU
		{C217E0E2-423B-4B18-B357-805C9C3C793B}.Release|Any CPU.ActiveCfg = Release|Any CPU
		{C217E0E2-423B-4B18-B357-805C9C3C793B}.Release|Any CPU.Build.0 = Release|Any CPU
	EndGlobalSection
	GlobalSection(SolutionProperties) = preSolution
		HideSolutionNode = FALSE
	EndGlobalSection
	GlobalSection(ExtensibilityGlobals) = postSolution
		SolutionGuid = {306E9332-42D9-4D61-BE30-F40C21BDA460}
	EndGlobalSection
EndGlobal
